
Microsoft Visual Studio Solution File, Format Version 12.00
# Visual Studio Version 16
VisualStudioVersion = 16.0.30413.136
MinimumVisualStudioVersion = 10.0.40219.1
Project("{9A19103F-16F7-4668-BE54-9A1E7A4F7556}") = "N-Tier.API", "N-Tier.API\N-Tier.API.csproj", "{82838190-1934-4EA8-8F64-E37A2601A5E5}"
EndProject
Project("{FAE04EC0-301F-11D3-BF4B-00C04F79EFBC}") = "N-Tier.Application", "N-Tier.Application\N-Tier.Application.csproj", "{5E06FE1C-2A7C-44DC-A885-42610E597397}"
EndProject
Project("{FAE04EC0-301F-11D3-BF4B-00C04F79EFBC}") = "N-Tier.Infrastructure", "N-Tier.Infrastructure\N-Tier.Infrastructure.csproj", "{9551A22F-132B-4DA9-9C88-652A576676B3}"
EndProject
Global
	GlobalSection(SolutionConfigurationPlatforms) = preSolution
		Debug|Any CPU = Debug|Any CPU
		Release|Any CPU = Release|Any CPU
	EndGlobalSection
	GlobalSection(ProjectConfigurationPlatforms) = postSolution
		{82838190-1934-4EA8-8F64-E37A2601A5E5}.Debug|Any CPU.ActiveCfg = Debug|Any CPU
		{82838190-1934-4EA8-8F64-E37A2601A5E5}.Debug|Any CPU.Build.0 = Debug|Any CPU
		{82838190-1934-4EA8-8F64-E37A2601A5E5}.Release|Any CPU.ActiveCfg = Release|Any CPU
		{82838190-1934-4EA8-8F64-E37A2601A5E5}.Release|Any CPU.Build.0 = Release|Any CPU
		{5E06FE1C-2A7C-44DC-A885-42610E597397}.Debug|Any CPU.ActiveCfg = Debug|Any CPU
		{5E06FE1C-2A7C-44DC-A885-42610E597397}.Debug|Any CPU.Build.0 = Debug|Any CPU
		{5E06FE1C-2A7C-44DC-A885-42610E597397}.Release|Any CPU.ActiveCfg = Release|Any CPU
		{5E06FE1C-2A7C-44DC-A885-42610E597397}.Release|Any CPU.Build.0 = Release|Any CPU
		{9551A22F-132B-4DA9-9C88-652A576676B3}.Debug|Any CPU.ActiveCfg = Debug|Any CPU
		{9551A22F-132B-4DA9-9C88-652A576676B3}.Debug|Any CPU.Build.0 = Debug|Any CPU
		{9551A22F-132B-4DA9-9C88-652A576676B3}.Release|Any CPU.ActiveCfg = Release|Any CPU
		{9551A22F-132B-4DA9-9C88-652A576676B3}.Release|Any CPU.Build.0 = Release|Any CPU
	EndGlobalSection
	GlobalSection(SolutionProperties) = preSolution
		HideSolutionNode = FALSE
	EndGlobalSection
	GlobalSection(ExtensibilityGlobals) = postSolution
		SolutionGuid = {330BD50E-D6E2-49BE-890F-2BA859172C9D}
	EndGlobalSection
EndGlobal
